<?xml version="1.0" encoding="utf-8"?>
<Project ToolsVersion="4.0" xmlns="http://schemas.microsoft.com/developer/msbuild/2003">
  <ItemGroup>
    <Filter Include="Source Files">
      <UniqueIdentifier>{4FC737F1-C7A5-4376-A066-2A32D752A2FF}</UniqueIdentifier>
      <Extensions>cpp;c;cc;cxx;c++;cppm;ixx;def;odl;idl;hpj;bat;asm;asmx</Extensions>
    </Filter>
    <Filter Include="Header Files">
      <UniqueIdentifier>{93995380-89BD-4b04-88EB-625FBE52EBFB}</UniqueIdentifier>
      <Extensions>h;hh;hpp;hxx;h++;hm;inl;inc;ipp;xsd</Extensions>
    </Filter>
    <Filter Include="Resource Files">
      <UniqueIdentifier>{67DA6AB6-F800-4c08-8B7A-83BB121AAD01}</UniqueIdentifier>
      <Extensions>rc;ico;cur;bmp;dlg;rc2;rct;bin;rgs;gif;jpg;jpeg;jpe;resx;tiff;tif;png;wav;mfcribbon-ms</Extensions>
    </Filter>
  </ItemGroup>
  <ItemGroup>
    <ClCompile Include="main.cpp">
      <Filter>Source Files</Filter>
    </ClCompile>
    <ClCompile Include="fssimplewindow.cpp">
      <Filter>Source Files</Filter>
    </ClCompile>
    <ClCompile Include="DrawingUtilNG.cpp">
      <Filter>Source Files</Filter>
    </ClCompile>
    <ClCompile Include="Cards.cpp">
      <Filter>Source Files</Filter>
    </ClCompile>
    <ClCompile Include="yspng.cpp">
      <Filter>Source Files</Filter>
    </ClCompile>
  </ItemGroup>
  <ItemGroup>
    <ClInclude Include="fssimplewindow.h">
      <Filter>Header Files</Filter>
    </ClInclude>
    <ClInclude Include="DrawingUtilNG.h">
      <Filter>Header Files</Filter>
    </ClInclude>
    <ClInclude Include="PaintCards.h">
      <Filter>Header Files</Filter>
    </ClInclude>
    <ClInclude Include="Cards.h">
      <Filter>Header Files</Filter>
    </ClInclude>
    <ClInclude Include="yspng.h">
      <Filter>Header Files</Filter>
    </ClInclude>
  </ItemGroup>
  <ItemGroup>
    <Image Include="queen_of_spades.png">
      <Filter>Resource Files</Filter>
    </Image>
    <Image Include="queen_of_hearts.png">
      <Filter>Resource Files</Filter>
    </Image>
    <Image Include="queen_of_diamonds.png">
      <Filter>Resource Files</Filter>
    </Image>
    <Image Include="queen_of_clubs.png">
      <Filter>Resource Files</Filter>
    </Image>
    <Image Include="king_of_spades.png">
      <Filter>Resource Files</Filter>
    </Image>
    <Image Include="king_of_hearts.png">
      <Filter>Resource Files</Filter>
    </Image>
    <Image Include="king_of_diamonds.png">
      <Filter>Resource Files</Filter>
    </Image>
    <Image Include="king_of_clubs.png">
      <Filter>Resource Files</Filter>
    </Image>
    <Image Include="jack_of_spades.png">
      <Filter>Resource Files</Filter>
    </Image>
    <Image Include="jack_of_hearts.png">
      <Filter>Resource Files</Filter>
    </Image>
    <Image Include="jack_of_diamonds.png">
      <Filter>Resource Files</Filter>
    </Image>
    <Image Include="jack_of_clubs.png">
      <Filter>Resource Files</Filter>
    </Image>
    <Image Include="ace_of_spades.png">
      <Filter>Resource Files</Filter>
    </Image>
    <Image Include="ace_of_hearts.png">
      <Filter>Resource Files</Filter>
    </Image>
    <Image Include="ace_of_diamonds.png">
      <Filter>Resource Files</Filter>
    </Image>
    <Image Include="ace_of_clubs.png">
      <Filter>Resource Files</Filter>
    </Image>
    <Image Include="10_of_spades.png">
      <Filter>Resource Files</Filter>
    </Image>
    <Image Include="10_of_hearts.png">
      <Filter>Resource Files</Filter>
    </Image>
    <Image Include="10_of_diamonds.png">
      <Filter>Resource Files</Filter>
    </Image>
    <Image Include="10_of_clubs.png">
      <Filter>Resource Files</Filter>
    </Image>
    <Image Include="9_of_spades.png">
      <Filter>Resource Files</Filter>
    </Image>
    <Image Include="9_of_hearts.png">
      <Filter>Resource Files</Filter>
    </Image>
    <Image Include="9_of_diamonds.png">
      <Filter>Resource Files</Filter>
    </Image>
    <Image Include="9_of_clubs.png">
      <Filter>Resource Files</Filter>
    </Image>
    <Image Include="8_of_spades.png">
      <Filter>Resource Files</Filter>
    </Image>
    <Image Include="8_of_hearts.png">
      <Filter>Resource Files</Filter>
    </Image>
    <Image Include="8_of_diamonds.png">
      <Filter>Resource Files</Filter>
    </Image>
    <Image Include="8_of_clubs.png">
      <Filter>Resource Files</Filter>
    </Image>
    <Image Include="7_of_spades.png">
      <Filter>Resource Files</Filter>
    </Image>
    <Image Include="7_of_hearts.png">
      <Filter>Resource Files</Filter>
    </Image>
    <Image Include="7_of_diamonds.png">
      <Filter>Resource Files</Filter>
    </Image>
    <Image Include="7_of_clubs.png">
      <Filter>Resource Files</Filter>
    </Image>
    <Image Include="6_of_spades.png">
      <Filter>Resource Files</Filter>
    </Image>
    <Image Include="6_of_hearts.png">
      <Filter>Resource Files</Filter>
    </Image>
    <Image Include="6_of_diamonds.png">
      <Filter>Resource Files</Filter>
    </Image>
    <Image Include="6_of_clubs.png">
      <Filter>Resource Files</Filter>
    </Image>
    <Image Include="5_of_spades.png">
      <Filter>Resource Files</Filter>
    </Image>
    <Image Include="5_of_hearts.png">
      <Filter>Resource Files</Filter>
    </Image>
    <Image Include="5_of_diamonds.png">
      <Filter>Resource Files</Filter>
    </Image>
    <Image Include="5_of_clubs.png">
      <Filter>Resource Files</Filter>
    </Image>
    <Image Include="4_of_spades.png">
      <Filter>Resource Files</Filter>
    </Image>
    <Image Include="4_of_hearts.png">
      <Filter>Resource Files</Filter>
    </Image>
    <Image Include="4_of_diamonds.png">
      <Filter>Resource Files</Filter>
    </Image>
    <Image Include="4_of_clubs.png">
      <Filter>Resource Files</Filter>
    </Image>
    <Image Include="3_of_spades.png">
      <Filter>Resource Files</Filter>
    </Image>
    <Image Include="3_of_hearts.png">
      <Filter>Resource Files</Filter>
    </Image>
    <Image Include="3_of_diamonds.png">
      <Filter>Resource Files</Filter>
    </Image>
    <Image Include="3_of_clubs.png">
      <Filter>Resource Files</Filter>
    </Image>
    <Image Include="2_of_spades.png">
      <Filter>Resource Files</Filter>
    </Image>
    <Image Include="2_of_hearts.png">
      <Filter>Resource Files</Filter>
    </Image>
    <Image Include="2_of_diamonds.png">
      <Filter>Resource Files</Filter>
    </Image>
    <Image Include="2_of_clubs.png">
      <Filter>Resource Files</Filter>
    </Image>
  </ItemGroup>
</Project>